
Microsoft Visual Studio Solution File, Format Version 12.00
# Visual Studio Version 16
VisualStudioVersion = 16.0.31729.503
MinimumVisualStudioVersion = 10.0.40219.1
Project("{9A19103F-16F7-4668-BE54-9A1E7A4F7556}") = "KLabTest", "KLabTest\KLabTest.csproj", "{09285B25-984D-472B-A7DD-F75B54C1A228}"
EndProject
Global
	GlobalSection(SolutionConfigurationPlatforms) = preSolution
		Debug|Any CPU = Debug|Any CPU
		Release|Any CPU = Release|Any CPU
	EndGlobalSection
	GlobalSection(ProjectConfigurationPlatforms) = postSolution
		{09285B25-984D-472B-A7DD-F75B54C1A228}.Debug|Any CPU.ActiveCfg = Debug|Any CPU
		{09285B25-984D-472B-A7DD-F75B54C1A228}.Debug|Any CPU.Build.0 = Debug|Any CPU
		{09285B25-984D-472B-A7DD-F75B54C1A228}.Release|Any CPU.ActiveCfg = Release|Any CPU
		{09285B25-984D-472B-A7DD-F75B54C1A228}.Release|Any CPU.Build.0 = Release|Any CPU
	EndGlobalSection
	GlobalSection(SolutionProperties) = preSolution
		HideSolutionNode = FALSE
	EndGlobalSection
	GlobalSection(ExtensibilityGlobals) = postSolution
		SolutionGuid = {55D04814-47CF-4596-B494-E0D04886FFB4}
	EndGlobalSection
EndGlobal
